
Microsoft Visual Studio Solution File, Format Version 12.00
# Visual Studio Version 17
VisualStudioVersion = 17.2.32630.192
MinimumVisualStudioVersion = 10.0.40219.1
Project("{FAE04EC0-301F-11D3-BF4B-00C04F79EFBC}") = "Raman1", "Raman1\Raman1.csproj", "{F652EFD1-8580-4D0C-A246-DF0801A54C31}"
EndProject
Global
	GlobalSection(SolutionConfigurationPlatforms) = preSolution
		Debug|Any CPU = Debug|Any CPU
		Release|Any CPU = Release|Any CPU
	EndGlobalSection
	GlobalSection(ProjectConfigurationPlatforms) = postSolution
		{F652EFD1-8580-4D0C-A246-DF0801A54C31}.Debug|Any CPU.ActiveCfg = Debug|Any CPU
		{F652EFD1-8580-4D0C-A246-DF0801A54C31}.Debug|Any CPU.Build.0 = Debug|Any CPU
		{F652EFD1-8580-4D0C-A246-DF0801A54C31}.Release|Any CPU.ActiveCfg = Release|Any CPU
		{F652EFD1-8580-4D0C-A246-DF0801A54C31}.Release|Any CPU.Build.0 = Release|Any CPU
	EndGlobalSection
	GlobalSection(SolutionProperties) = preSolution
		HideSolutionNode = FALSE
	EndGlobalSection
	GlobalSection(ExtensibilityGlobals) = postSolution
		SolutionGuid = {CC9A7FB2-6BFF-4F02-9D43-90AC2E4B58BE}
	EndGlobalSection
EndGlobal
